// !$*UTF8*$!
{
	archiveVersion = 1;
	classes = {
	};
	objectVersion = 50;
	objects = {

/* Begin PBXBuildFile section */
		8CD6DBB025ABE886005DE50B /* AppDelegate.m in Sources */ = {isa = PBXBuildFile; fileRef = 8CD6DBAF25ABE886005DE50B /* AppDelegate.m */; };
		8CD6DBB325ABE886005DE50B /* SceneDelegate.m in Sources */ = {isa = PBXBuildFile; fileRef = 8CD6DBB225ABE886005DE50B /* SceneDelegate.m */; };
		8CD6DBB925ABE886005DE50B /* Main.storyboard in Resources */ = {isa = PBXBuildFile; fileRef = 8CD6DBB725ABE886005DE50B /* Main.storyboard */; };
		8CD6DBBB25ABE887005DE50B /* Assets.xcassets in Resources */ = {isa = PBXBuildFile; fileRef = 8CD6DBBA25ABE887005DE50B /* Assets.xcassets */; };
		8CD6DBBE25ABE887005DE50B /* LaunchScreen.storyboard in Resources */ = {isa = PBXBuildFile; fileRef = 8CD6DBBC25ABE887005DE50B /* LaunchScreen.storyboard */; };
		8CD6DBC125ABE887005DE50B /* main.m in Sources */ = {isa = PBXBuildFile; fileRef = 8CD6DBC025ABE887005DE50B /* main.m */; };
		8CD6DBCB25ABE888005DE50B /* Expense_TrackerTests.m in Sources */ = {isa = PBXBuildFile; fileRef = 8CD6DBCA25ABE888005DE50B /* Expense_TrackerTests.m */; };
		8CD6DBD625ABE888005DE50B /* Expense_TrackerUITests.m in Sources */ = {isa = PBXBuildFile; fileRef = 8CD6DBD525ABE888005DE50B /* Expense_TrackerUITests.m */; };
		8CD6DBFC25ABEF39005DE50B /* ETExpenseOverviewTableViewController.m in Sources */ = {isa = PBXBuildFile; fileRef = 8CD6DBFB25ABEF39005DE50B /* ETExpenseOverviewTableViewController.m */; };
/* End PBXBuildFile section */

/* Begin PBXContainerItemProxy section */
		8CD6DBC725ABE887005DE50B /* PBXContainerItemProxy */ = {
			isa = PBXContainerItemProxy;
			containerPortal = 8CD6DBA325ABE886005DE50B /* Project object */;
			proxyType = 1;
			remoteGlobalIDString = 8CD6DBAA25ABE886005DE50B;
			remoteInfo = "Expense Tracker";
		};
		8CD6DBD225ABE888005DE50B /* PBXContainerItemProxy */ = {
			isa = PBXContainerItemProxy;
			containerPortal = 8CD6DBA325ABE886005DE50B /* Project object */;
			proxyType = 1;
			remoteGlobalIDString = 8CD6DBAA25ABE886005DE50B;
			remoteInfo = "Expense Tracker";
		};
/* End PBXContainerItemProxy section */

/* Begin PBXFileReference section */
		8CD6DBAB25ABE886005DE50B /* Expense Tracker.app */ = {isa = PBXFileReference; explicitFileType = wrapper.application; includeInIndex = 0; path = "Expense Tracker.app"; sourceTree = BUILT_PRODUCTS_DIR; };
		8CD6DBAE25ABE886005DE50B /* AppDelegate.h */ = {isa = PBXFileReference; lastKnownFileType = sourcecode.c.h; path = AppDelegate.h; sourceTree = "<group>"; };
		8CD6DBAF25ABE886005DE50B /* AppDelegate.m */ = {isa = PBXFileReference; lastKnownFileType = sourcecode.c.objc; path = AppDelegate.m; sourceTree = "<group>"; };
		8CD6DBB125ABE886005DE50B /* SceneDelegate.h */ = {isa = PBXFileReference; lastKnownFileType = sourcecode.c.h; path = SceneDelegate.h; sourceTree = "<group>"; };
		8CD6DBB225ABE886005DE50B /* SceneDelegate.m */ = {isa = PBXFileReference; lastKnownFileType = sourcecode.c.objc; path = SceneDelegate.m; sourceTree = "<group>"; };
		8CD6DBB825ABE886005DE50B /* Base */ = {isa = PBXFileReference; lastKnownFileType = file.storyboard; name = Base; path = Base.lproj/Main.storyboard; sourceTree = "<group>"; };
		8CD6DBBA25ABE887005DE50B /* Assets.xcassets */ = {isa = PBXFileReference; lastKnownFileType = folder.assetcatalog; path = Assets.xcassets; sourceTree = "<group>"; };
		8CD6DBBD25ABE887005DE50B /* Base */ = {isa = PBXFileReference; lastKnownFileType = file.storyboard; name = Base; path = Base.lproj/LaunchScreen.storyboard; sourceTree = "<group>"; };
		8CD6DBBF25ABE887005DE50B /* Info.plist */ = {isa = PBXFileReference; lastKnownFileType = text.plist.xml; path = Info.plist; sourceTree = "<group>"; };
		8CD6DBC025ABE887005DE50B /* main.m */ = {isa = PBXFileReference; lastKnownFileType = sourcecode.c.objc; path = main.m; sourceTree = "<group>"; };
		8CD6DBC625ABE887005DE50B /* Expense TrackerTests.xctest */ = {isa = PBXFileReference; explicitFileType = wrapper.cfbundle; includeInIndex = 0; path = "Expense TrackerTests.xctest"; sourceTree = BUILT_PRODUCTS_DIR; };
		8CD6DBCA25ABE888005DE50B /* Expense_TrackerTests.m */ = {isa = PBXFileReference; lastKnownFileType = sourcecode.c.objc; path = Expense_TrackerTests.m; sourceTree = "<group>"; };
		8CD6DBCC25ABE888005DE50B /* Info.plist */ = {isa = PBXFileReference; lastKnownFileType = text.plist.xml; path = Info.plist; sourceTree = "<group>"; };
		8CD6DBD125ABE888005DE50B /* Expense TrackerUITests.xctest */ = {isa = PBXFileReference; explicitFileType = wrapper.cfbundle; includeInIndex = 0; path = "Expense TrackerUITests.xctest"; sourceTree = BUILT_PRODUCTS_DIR; };
		8CD6DBD525ABE888005DE50B /* Expense_TrackerUITests.m */ = {isa = PBXFileReference; lastKnownFileType = sourcecode.c.objc; path = Expense_TrackerUITests.m; sourceTree = "<group>"; };
		8CD6DBD725ABE888005DE50B /* Info.plist */ = {isa = PBXFileReference; lastKnownFileType = text.plist.xml; path = Info.plist; sourceTree = "<group>"; };
		8CD6DBFA25ABEF39005DE50B /* ETExpenseOverviewTableViewController.h */ = {isa = PBXFileReference; lastKnownFileType = sourcecode.c.h; path = ETExpenseOverviewTableViewController.h; sourceTree = "<group>"; };
		8CD6DBFB25ABEF39005DE50B /* ETExpenseOverviewTableViewController.m */ = {isa = PBXFileReference; lastKnownFileType = sourcecode.c.objc; path = ETExpenseOverviewTableViewController.m; sourceTree = "<group>"; };
		8CD6DC0425ABF620005DE50B /* ETServerAPI.h */ = {isa = PBXFileReference; lastKnownFileType = sourcecode.c.h; path = ETServerAPI.h; sourceTree = "<group>"; };
/* End PBXFileReference section */

/* Begin PBXFrameworksBuildPhase section */
		8CD6DBA825ABE886005DE50B /* Frameworks */ = {
			isa = PBXFrameworksBuildPhase;
			buildActionMask = 2147483647;
			files = (
			);
			runOnlyForDeploymentPostprocessing = 0;
		};
		8CD6DBC325ABE887005DE50B /* Frameworks */ = {
			isa = PBXFrameworksBuildPhase;
			buildActionMask = 2147483647;
			files = (
			);
			runOnlyForDeploymentPostprocessing = 0;
		};
		8CD6DBCE25ABE888005DE50B /* Frameworks */ = {
			isa = PBXFrameworksBuildPhase;
			buildActionMask = 2147483647;
			files = (
			);
			runOnlyForDeploymentPostprocessing = 0;
		};
/* End PBXFrameworksBuildPhase section */

/* Begin PBXGroup section */
		8CD6DBA225ABE886005DE50B = {
			isa = PBXGroup;
			children = (
				8CD6DBAD25ABE886005DE50B /* Expense Tracker */,
				8CD6DBC925ABE888005DE50B /* Expense TrackerTests */,
				8CD6DBD425ABE888005DE50B /* Expense TrackerUITests */,
				8CD6DBAC25ABE886005DE50B /* Products */,
			);
			sourceTree = "<group>";
		};
		8CD6DBAC25ABE886005DE50B /* Products */ = {
			isa = PBXGroup;
			children = (
				8CD6DBAB25ABE886005DE50B /* Expense Tracker.app */,
				8CD6DBC625ABE887005DE50B /* Expense TrackerTests.xctest */,
				8CD6DBD125ABE888005DE50B /* Expense TrackerUITests.xctest */,
			);
			name = Products;
			sourceTree = "<group>";
		};
		8CD6DBAD25ABE886005DE50B /* Expense Tracker */ = {
			isa = PBXGroup;
			children = (
				8CD6DC0325ABF5FD005DE50B /* Server API */,
				8CD6DBFA25ABEF39005DE50B /* ETExpenseOverviewTableViewController.h */,
				8CD6DBFB25ABEF39005DE50B /* ETExpenseOverviewTableViewController.m */,
				8CD6DBB725ABE886005DE50B /* Main.storyboard */,
				8CD6DBE925ABEB24005DE50B /* Application Lifecycle */,
				8CD6DBED25ABEBCA005DE50B /* Supporting Files */,
			);
			path = "Expense Tracker";
			sourceTree = "<group>";
		};
		8CD6DBC925ABE888005DE50B /* Expense TrackerTests */ = {
			isa = PBXGroup;
			children = (
				8CD6DBCA25ABE888005DE50B /* Expense_TrackerTests.m */,
				8CD6DBCC25ABE888005DE50B /* Info.plist */,
			);
			path = "Expense TrackerTests";
			sourceTree = "<group>";
		};
		8CD6DBD425ABE888005DE50B /* Expense TrackerUITests */ = {
			isa = PBXGroup;
			children = (
				8CD6DBD525ABE888005DE50B /* Expense_TrackerUITests.m */,
				8CD6DBD725ABE888005DE50B /* Info.plist */,
			);
			path = "Expense TrackerUITests";
			sourceTree = "<group>";
		};
		8CD6DBE925ABEB24005DE50B /* Application Lifecycle */ = {
			isa = PBXGroup;
			children = (
				8CD6DBB125ABE886005DE50B /* SceneDelegate.h */,
				8CD6DBB225ABE886005DE50B /* SceneDelegate.m */,
				8CD6DBAE25ABE886005DE50B /* AppDelegate.h */,
				8CD6DBAF25ABE886005DE50B /* AppDelegate.m */,
				8CD6DBC025ABE887005DE50B /* main.m */,
			);
			path = "Application Lifecycle";
			sourceTree = "<group>";
		};
		8CD6DBED25ABEBCA005DE50B /* Supporting Files */ = {
			isa = PBXGroup;
			children = (
				8CD6DBBA25ABE887005DE50B /* Assets.xcassets */,
				8CD6DBBC25ABE887005DE50B /* LaunchScreen.storyboard */,
				8CD6DBBF25ABE887005DE50B /* Info.plist */,
			);
			path = "Supporting Files";
			sourceTree = "<group>";
		};
		8CD6DC0325ABF5FD005DE50B /* Server API */ = {
			isa = PBXGroup;
			children = (
				8CD6DC0425ABF620005DE50B /* ETServerAPI.h */,
			);
			path = "Server API";
			sourceTree = "<group>";
		};
/* End PBXGroup section */

/* Begin PBXNativeTarget section */
		8CD6DBAA25ABE886005DE50B /* Expense Tracker */ = {
			isa = PBXNativeTarget;
			buildConfigurationList = 8CD6DBDA25ABE888005DE50B /* Build configuration list for PBXNativeTarget "Expense Tracker" */;
			buildPhases = (
				8CD6DBA725ABE886005DE50B /* Sources */,
				8CD6DBA825ABE886005DE50B /* Frameworks */,
				8CD6DBA925ABE886005DE50B /* Resources */,
			);
			buildRules = (
			);
			dependencies = (
			);
			name = "Expense Tracker";
			productName = "Expense Tracker";
			productReference = 8CD6DBAB25ABE886005DE50B /* Expense Tracker.app */;
			productType = "com.apple.product-type.application";
		};
		8CD6DBC525ABE887005DE50B /* Expense TrackerTests */ = {
			isa = PBXNativeTarget;
			buildConfigurationList = 8CD6DBDD25ABE888005DE50B /* Build configuration list for PBXNativeTarget "Expense TrackerTests" */;
			buildPhases = (
				8CD6DBC225ABE887005DE50B /* Sources */,
				8CD6DBC325ABE887005DE50B /* Frameworks */,
				8CD6DBC425ABE887005DE50B /* Resources */,
			);
			buildRules = (
			);
			dependencies = (
				8CD6DBC825ABE887005DE50B /* PBXTargetDependency */,
			);
			name = "Expense TrackerTests";
			productName = "Expense TrackerTests";
			productReference = 8CD6DBC625ABE887005DE50B /* Expense TrackerTests.xctest */;
			productType = "com.apple.product-type.bundle.unit-test";
		};
		8CD6DBD025ABE888005DE50B /* Expense TrackerUITests */ = {
			isa = PBXNativeTarget;
			buildConfigurationList = 8CD6DBE025ABE888005DE50B /* Build configuration list for PBXNativeTarget "Expense TrackerUITests" */;
			buildPhases = (
				8CD6DBCD25ABE888005DE50B /* Sources */,
				8CD6DBCE25ABE888005DE50B /* Frameworks */,
				8CD6DBCF25ABE888005DE50B /* Resources */,
			);
			buildRules = (
			);
			dependencies = (
				8CD6DBD325ABE888005DE50B /* PBXTargetDependency */,
			);
			name = "Expense TrackerUITests";
			productName = "Expense TrackerUITests";
			productReference = 8CD6DBD125ABE888005DE50B /* Expense TrackerUITests.xctest */;
			productType = "com.apple.product-type.bundle.ui-testing";
		};
/* End PBXNativeTarget section */

/* Begin PBXProject section */
		8CD6DBA325ABE886005DE50B /* Project object */ = {
			isa = PBXProject;
			attributes = {
				LastUpgradeCheck = 1230;
				TargetAttributes = {
					8CD6DBAA25ABE886005DE50B = {
						CreatedOnToolsVersion = 12.3;
					};
					8CD6DBC525ABE887005DE50B = {
						CreatedOnToolsVersion = 12.3;
						TestTargetID = 8CD6DBAA25ABE886005DE50B;
					};
					8CD6DBD025ABE888005DE50B = {
						CreatedOnToolsVersion = 12.3;
						TestTargetID = 8CD6DBAA25ABE886005DE50B;
					};
				};
			};
			buildConfigurationList = 8CD6DBA625ABE886005DE50B /* Build configuration list for PBXProject "Expense Tracker" */;
			compatibilityVersion = "Xcode 9.3";
			developmentRegion = en;
			hasScannedForEncodings = 0;
			knownRegions = (
				en,
				Base,
			);
			mainGroup = 8CD6DBA225ABE886005DE50B;
			productRefGroup = 8CD6DBAC25ABE886005DE50B /* Products */;
			projectDirPath = "";
			projectRoot = "";
			targets = (
				8CD6DBAA25ABE886005DE50B /* Expense Tracker */,
				8CD6DBC525ABE887005DE50B /* Expense TrackerTests */,
				8CD6DBD025ABE888005DE50B /* Expense TrackerUITests */,
			);
		};
/* End PBXProject section */

/* Begin PBXResourcesBuildPhase section */
		8CD6DBA925ABE886005DE50B /* Resources */ = {
			isa = PBXResourcesBuildPhase;
			buildActionMask = 2147483647;
			files = (
				8CD6DBBE25ABE887005DE50B /* LaunchScreen.storyboard in Resources */,
				8CD6DBBB25ABE887005DE50B /* Assets.xcassets in Resources */,
				8CD6DBB925ABE886005DE50B /* Main.storyboard in Resources */,
			);
			runOnlyForDeploymentPostprocessing = 0;
		};
		8CD6DBC425ABE887005DE50B /* Resources */ = {
			isa = PBXResourcesBuildPhase;
			buildActionMask = 2147483647;
			files = (
			);
			runOnlyForDeploymentPostprocessing = 0;
		};
		8CD6DBCF25ABE888005DE50B /* Resources */ = {
			isa = PBXResourcesBuildPhase;
			buildActionMask = 2147483647;
			files = (
			);
			runOnlyForDeploymentPostprocessing = 0;
		};
/* End PBXResourcesBuildPhase section */

/* Begin PBXSourcesBuildPhase section */
		8CD6DBA725ABE886005DE50B /* Sources */ = {
			isa = PBXSourcesBuildPhase;
			buildActionMask = 2147483647;
			files = (
				8CD6DBB025ABE886005DE50B /* AppDelegate.m in Sources */,
				8CD6DBFC25ABEF39005DE50B /* ETExpenseOverviewTableViewController.m in Sources */,
				8CD6DBC125ABE887005DE50B /* main.m in Sources */,
				8CD6DBB325ABE886005DE50B /* SceneDelegate.m in Sources */,
			);
			runOnlyForDeploymentPostprocessing = 0;
		};
		8CD6DBC225ABE887005DE50B /* Sources */ = {
			isa = PBXSourcesBuildPhase;
			buildActionMask = 2147483647;
			files = (
				8CD6DBCB25ABE888005DE50B /* Expense_TrackerTests.m in Sources */,
			);
			runOnlyForDeploymentPostprocessing = 0;
		};
		8CD6DBCD25ABE888005DE50B /* Sources */ = {
			isa = PBXSourcesBuildPhase;
			buildActionMask = 2147483647;
			files = (
				8CD6DBD625ABE888005DE50B /* Expense_TrackerUITests.m in Sources */,
			);
			runOnlyForDeploymentPostprocessing = 0;
		};
/* End PBXSourcesBuildPhase section */

/* Begin PBXTargetDependency section */
		8CD6DBC825ABE887005DE50B /* PBXTargetDependency */ = {
			isa = PBXTargetDependency;
			target = 8CD6DBAA25ABE886005DE50B /* Expense Tracker */;
			targetProxy = 8CD6DBC725ABE887005DE50B /* PBXContainerItemProxy */;
		};
		8CD6DBD325ABE888005DE50B /* PBXTargetDependency */ = {
			isa = PBXTargetDependency;
			target = 8CD6DBAA25ABE886005DE50B /* Expense Tracker */;
			targetProxy = 8CD6DBD225ABE888005DE50B /* PBXContainerItemProxy */;
		};
/* End PBXTargetDependency section */

/* Begin PBXVariantGroup section */
		8CD6DBB725ABE886005DE50B /* Main.storyboard */ = {
			isa = PBXVariantGroup;
			children = (
				8CD6DBB825ABE886005DE50B /* Base */,
			);
			name = Main.storyboard;
			sourceTree = "<group>";
		};
		8CD6DBBC25ABE887005DE50B /* LaunchScreen.storyboard */ = {
			isa = PBXVariantGroup;
			children = (
				8CD6DBBD25ABE887005DE50B /* Base */,
			);
			name = LaunchScreen.storyboard;
			sourceTree = "<group>";
		};
/* End PBXVariantGroup section */

/* Begin XCBuildConfiguration section */
		8CD6DBD825ABE888005DE50B /* Debug */ = {
			isa = XCBuildConfiguration;
			buildSettings = {
				ALWAYS_SEARCH_USER_PATHS = NO;
				CLANG_ANALYZER_NONNULL = YES;
				CLANG_ANALYZER_NUMBER_OBJECT_CONVERSION = YES_AGGRESSIVE;
				CLANG_CXX_LANGUAGE_STANDARD = "gnu++14";
				CLANG_CXX_LIBRARY = "libc++";
				CLANG_ENABLE_MODULES = YES;
				CLANG_ENABLE_OBJC_ARC = YES;
				CLANG_ENABLE_OBJC_WEAK = YES;
				CLANG_WARN_BLOCK_CAPTURE_AUTORELEASING = YES;
				CLANG_WARN_BOOL_CONVERSION = YES;
				CLANG_WARN_COMMA = YES;
				CLANG_WARN_CONSTANT_CONVERSION = YES;
				CLANG_WARN_DEPRECATED_OBJC_IMPLEMENTATIONS = YES;
				CLANG_WARN_DIRECT_OBJC_ISA_USAGE = YES_ERROR;
				CLANG_WARN_DOCUMENTATION_COMMENTS = YES;
				CLANG_WARN_EMPTY_BODY = YES;
				CLANG_WARN_ENUM_CONVERSION = YES;
				CLANG_WARN_INFINITE_RECURSION = YES;
				CLANG_WARN_INT_CONVERSION = YES;
				CLANG_WARN_NON_LITERAL_NULL_CONVERSION = YES;
				CLANG_WARN_OBJC_IMPLICIT_RETAIN_SELF = YES;
				CLANG_WARN_OBJC_LITERAL_CONVERSION = YES;
				CLANG_WARN_OBJC_ROOT_CLASS = YES_ERROR;
				CLANG_WARN_QUOTED_INCLUDE_IN_FRAMEWORK_HEADER = YES;
				CLANG_WARN_RANGE_LOOP_ANALYSIS = YES;
				CLANG_WARN_STRICT_PROTOTYPES = YES;
				CLANG_WARN_SUSPICIOUS_MOVE = YES;
				CLANG_WARN_UNGUARDED_AVAILABILITY = YES_AGGRESSIVE;
				CLANG_WARN_UNREACHABLE_CODE = YES;
				CLANG_WARN__DUPLICATE_METHOD_MATCH = YES;
				COPY_PHASE_STRIP = NO;
				DEBUG_INFORMATION_FORMAT = dwarf;
				ENABLE_STRICT_OBJC_MSGSEND = YES;
				ENABLE_TESTABILITY = YES;
				GCC_C_LANGUAGE_STANDARD = gnu11;
				GCC_DYNAMIC_NO_PIC = NO;
				GCC_NO_COMMON_BLOCKS = YES;
				GCC_OPTIMIZATION_LEVEL = 0;
				GCC_PREPROCESSOR_DEFINITIONS = (
					"DEBUG=1",
					"$(inherited)",
				);
				GCC_WARN_64_TO_32_BIT_CONVERSION = YES;
				GCC_WARN_ABOUT_RETURN_TYPE = YES_ERROR;
				GCC_WARN_UNDECLARED_SELECTOR = YES;
				GCC_WARN_UNINITIALIZED_AUTOS = YES_AGGRESSIVE;
				GCC_WARN_UNUSED_FUNCTION = YES;
				GCC_WARN_UNUSED_VARIABLE = YES;
				IPHONEOS_DEPLOYMENT_TARGET = 14.3;
				MTL_ENABLE_DEBUG_INFO = INCLUDE_SOURCE;
				MTL_FAST_MATH = YES;
				ONLY_ACTIVE_ARCH = YES;
				SDKROOT = iphoneos;
			};
			name = Debug;
		};
		8CD6DBD925ABE888005DE50B /* Release */ = {
			isa = XCBuildConfiguration;
			buildSettings = {
				ALWAYS_SEARCH_USER_PATHS = NO;
				CLANG_ANALYZER_NONNULL = YES;
				CLANG_ANALYZER_NUMBER_OBJECT_CONVERSION = YES_AGGRESSIVE;
				CLANG_CXX_LANGUAGE_STANDARD = "gnu++14";
				CLANG_CXX_LIBRARY = "libc++";
				CLANG_ENABLE_MODULES = YES;
				CLANG_ENABLE_OBJC_ARC = YES;
				CLANG_ENABLE_OBJC_WEAK = YES;
				CLANG_WARN_BLOCK_CAPTURE_AUTORELEASING = YES;
				CLANG_WARN_BOOL_CONVERSION = YES;
				CLANG_WARN_COMMA = YES;
				CLANG_WARN_CONSTANT_CONVERSION = YES;
				CLANG_WARN_DEPRECATED_OBJC_IMPLEMENTATIONS = YES;
				CLANG_WARN_DIRECT_OBJC_ISA_USAGE = YES_ERROR;
				CLANG_WARN_DOCUMENTATION_COMMENTS = YES;
				CLANG_WARN_EMPTY_BODY = YES;
				CLANG_WARN_ENUM_CONVERSION = YES;
				CLANG_WARN_INFINITE_RECURSION = YES;
				CLANG_WARN_INT_CONVERSION = YES;
				CLANG_WARN_NON_LITERAL_NULL_CONVERSION = YES;
				CLANG_WARN_OBJC_IMPLICIT_RETAIN_SELF = YES;
				CLANG_WARN_OBJC_LITERAL_CONVERSION = YES;
				CLANG_WARN_OBJC_ROOT_CLASS = YES_ERROR;
				CLANG_WARN_QUOTED_INCLUDE_IN_FRAMEWORK_HEADER = YES;
				CLANG_WARN_RANGE_LOOP_ANALYSIS = YES;
				CLANG_WARN_STRICT_PROTOTYPES = YES;
				CLANG_WARN_SUSPICIOUS_MOVE = YES;
				CLANG_WARN_UNGUARDED_AVAILABILITY = YES_AGGRESSIVE;
				CLANG_WARN_UNREACHABLE_CODE = YES;
				CLANG_WARN__DUPLICATE_METHOD_MATCH = YES;
				COPY_PHASE_STRIP = NO;
				DEBUG_INFORMATION_FORMAT = "dwarf-with-dsym";
				ENABLE_NS_ASSERTIONS = NO;
				ENABLE_STRICT_OBJC_MSGSEND = YES;
				GCC_C_LANGUAGE_STANDARD = gnu11;
				GCC_NO_COMMON_BLOCKS = YES;
				GCC_WARN_64_TO_32_BIT_CONVERSION = YES;
				GCC_WARN_ABOUT_RETURN_TYPE = YES_ERROR;
				GCC_WARN_UNDECLARED_SELECTOR = YES;
				GCC_WARN_UNINITIALIZED_AUTOS = YES_AGGRESSIVE;
				GCC_WARN_UNUSED_FUNCTION = YES;
				GCC_WARN_UNUSED_VARIABLE = YES;
				IPHONEOS_DEPLOYMENT_TARGET = 14.3;
				MTL_ENABLE_DEBUG_INFO = NO;
				MTL_FAST_MATH = YES;
				SDKROOT = iphoneos;
				VALIDATE_PRODUCT = YES;
			};
			name = Release;
		};
		8CD6DBDB25ABE888005DE50B /* Debug */ = {
			isa = XCBuildConfiguration;
			buildSettings = {
				ASSETCATALOG_COMPILER_APPICON_NAME = AppIcon;
				ASSETCATALOG_COMPILER_GLOBAL_ACCENT_COLOR_NAME = AccentColor;
				CLANG_STATIC_ANALYZER_MODE = deep;
				CODE_SIGN_STYLE = Automatic;
				DEVELOPMENT_TEAM = MN9J6C3HRT;
				INFOPLIST_FILE = "Expense Tracker/Supporting Files/Info.plist";
				IPHONEOS_DEPLOYMENT_TARGET = 13.0;
				LD_RUNPATH_SEARCH_PATHS = (
					"$(inherited)",
					"@executable_path/Frameworks",
				);
				PRODUCT_BUNDLE_IDENTIFIER = "ski.maliszew.Expense-Tracker";
				PRODUCT_NAME = "$(TARGET_NAME)";
				RUN_CLANG_STATIC_ANALYZER = YES;
				TARGETED_DEVICE_FAMILY = "1,2";
			};
			name = Debug;
		};
		8CD6DBDC25ABE888005DE50B /* Release */ = {
			isa = XCBuildConfiguration;
			buildSettings = {
				ASSETCATALOG_COMPILER_APPICON_NAME = AppIcon;
				ASSETCATALOG_COMPILER_GLOBAL_ACCENT_COLOR_NAME = AccentColor;
				CLANG_STATIC_ANALYZER_MODE = deep;
				CODE_SIGN_STYLE = Automatic;
				DEVELOPMENT_TEAM = MN9J6C3HRT;
				INFOPLIST_FILE = "Expense Tracker/Supporting Files/Info.plist";
				IPHONEOS_DEPLOYMENT_TARGET = 13.0;
				LD_RUNPATH_SEARCH_PATHS = (
					"$(inherited)",
					"@executable_path/Frameworks",
				);
				PRODUCT_BUNDLE_IDENTIFIER = "ski.maliszew.Expense-Tracker";
				PRODUCT_NAME = "$(TARGET_NAME)";
				RUN_CLANG_STATIC_ANALYZER = YES;
				TARGETED_DEVICE_FAMILY = "1,2";
			};
			name = Release;
		};
		8CD6DBDE25ABE888005DE50B /* Debug */ = {
			isa = XCBuildConfiguration;
			buildSettings = {
				BUNDLE_LOADER = "$(TEST_HOST)";
				CODE_SIGN_STYLE = Automatic;
				DEVELOPMENT_TEAM = MN9J6C3HRT;
				INFOPLIST_FILE = "Expense TrackerTests/Info.plist";
				IPHONEOS_DEPLOYMENT_TARGET = 14.3;
				LD_RUNPATH_SEARCH_PATHS = (
					"$(inherited)",
					"@executable_path/Frameworks",
					"@loader_path/Frameworks",
				);
				PRODUCT_BUNDLE_IDENTIFIER = "ski.maliszew.Expense-TrackerTests";
				PRODUCT_NAME = "$(TARGET_NAME)";
				TARGETED_DEVICE_FAMILY = "1,2";
				TEST_HOST = "$(BUILT_PRODUCTS_DIR)/Expense Tracker.app/Expense Tracker";
			};
			name = Debug;
		};
		8CD6DBDF25ABE888005DE50B /* Release */ = {
			isa = XCBuildConfiguration;
			buildSettings = {
				BUNDLE_LOADER = "$(TEST_HOST)";
				CODE_SIGN_STYLE = Automatic;
				DEVELOPMENT_TEAM = MN9J6C3HRT;
				INFOPLIST_FILE = "Expense TrackerTests/Info.plist";
				IPHONEOS_DEPLOYMENT_TARGET = 14.3;
				LD_RUNPATH_SEARCH_PATHS = (
					"$(inherited)",
					"@executable_path/Frameworks",
					"@loader_path/Frameworks",
				);
				PRODUCT_BUNDLE_IDENTIFIER = "ski.maliszew.Expense-TrackerTests";
				PRODUCT_NAME = "$(TARGET_NAME)";
				TARGETED_DEVICE_FAMILY = "1,2";
				TEST_HOST = "$(BUILT_PRODUCTS_DIR)/Expense Tracker.app/Expense Tracker";
			};
			name = Release;
		};
		8CD6DBE125ABE888005DE50B /* Debug */ = {
			isa = XCBuildConfiguration;
			buildSettings = {
				CODE_SIGN_STYLE = Automatic;
				DEVELOPMENT_TEAM = MN9J6C3HRT;
				INFOPLIST_FILE = "Expense TrackerUITests/Info.plist";
				LD_RUNPATH_SEARCH_PATHS = (
					"$(inherited)",
					"@executable_path/Frameworks",
					"@loader_path/Frameworks",
				);
				PRODUCT_BUNDLE_IDENTIFIER = "ski.maliszew.Expense-TrackerUITests";
				PRODUCT_NAME = "$(TARGET_NAME)";
				TARGETED_DEVICE_FAMILY = "1,2";
				TEST_TARGET_NAME = "Expense Tracker";
			};
			name = Debug;
		};
		8CD6DBE225ABE888005DE50B /* Release */ = {
			isa = XCBuildConfiguration;
			buildSettings = {
				CODE_SIGN_STYLE = Automatic;
				DEVELOPMENT_TEAM = MN9J6C3HRT;
				INFOPLIST_FILE = "Expense TrackerUITests/Info.plist";
				LD_RUNPATH_SEARCH_PATHS = (
					"$(inherited)",
					"@executable_path/Frameworks",
					"@loader_path/Frameworks",
				);
				PRODUCT_BUNDLE_IDENTIFIER = "ski.maliszew.Expense-TrackerUITests";
				PRODUCT_NAME = "$(TARGET_NAME)";
				TARGETED_DEVICE_FAMILY = "1,2";
				TEST_TARGET_NAME = "Expense Tracker";
			};
			name = Release;
		};
/* End XCBuildConfiguration section */

/* Begin XCConfigurationList section */
		8CD6DBA625ABE886005DE50B /* Build configuration list for PBXProject "Expense Tracker" */ = {
			isa = XCConfigurationList;
			buildConfigurations = (
				8CD6DBD825ABE888005DE50B /* Debug */,
				8CD6DBD925ABE888005DE50B /* Release */,
			);
			defaultConfigurationIsVisible = 0;
			defaultConfigurationName = Release;
		};
		8CD6DBDA25ABE888005DE50B /* Build configuration list for PBXNativeTarget "Expense Tracker" */ = {
			isa = XCConfigurationList;
			buildConfigurations = (
				8CD6DBDB25ABE888005DE50B /* Debug */,
				8CD6DBDC25ABE888005DE50B /* Release */,
			);
			defaultConfigurationIsVisible = 0;
			defaultConfigurationName = Release;
		};
		8CD6DBDD25ABE888005DE50B /* Build configuration list for PBXNativeTarget "Expense TrackerTests" */ = {
			isa = XCConfigurationList;
			buildConfigurations = (
				8CD6DBDE25ABE888005DE50B /* Debug */,
				8CD6DBDF25ABE888005DE50B /* Release */,
			);
			defaultConfigurationIsVisible = 0;
			defaultConfigurationName = Release;
		};
		8CD6DBE025ABE888005DE50B /* Build configuration list for PBXNativeTarget "Expense TrackerUITests" */ = {
			isa = XCConfigurationList;
			buildConfigurations = (
				8CD6DBE125ABE888005DE50B /* Debug */,
				8CD6DBE225ABE888005DE50B /* Release */,
			);
			defaultConfigurationIsVisible = 0;
			defaultConfigurationName = Release;
		};
/* End XCConfigurationList section */
	};
	rootObject = 8CD6DBA325ABE886005DE50B /* Project object */;
}
