// !$*UTF8*$!
{
	archiveVersion = 1;
	classes = {
	};
	objectVersion = 50;
	objects = {

/* Begin PBXBuildFile section */
		7819C06225AE6BA900D4569A /* NSFileManager+documentsDirectoryForCurrentUser.m in Sources */ = {isa = PBXBuildFile; fileRef = 7819C06125AE6BA900D4569A /* NSFileManager+documentsDirectoryForCurrentUser.m */; };
		7819C06725AE94CA00D4569A /* ETExpenseItemManager.m in Sources */ = {isa = PBXBuildFile; fileRef = 7819C06625AE94CA00D4569A /* ETExpenseItemManager.m */; };
		7819C06C25AEA26900D4569A /* ETExpenseOverviewKVOManager.m in Sources */ = {isa = PBXBuildFile; fileRef = 7819C06B25AEA26900D4569A /* ETExpenseOverviewKVOManager.m */; };
		8C375D7325AD3CED00EFB202 /* ETMockServerAPI.m in Sources */ = {isa = PBXBuildFile; fileRef = 8C375D7225AD3CED00EFB202 /* ETMockServerAPI.m */; };
		8C375D7E25AD47F900EFB202 /* mock-expenses.json in Resources */ = {isa = PBXBuildFile; fileRef = 8C375D7D25AD47F900EFB202 /* mock-expenses.json */; };
		8C879D0725B0D74800BBD953 /* ETLoginViewController.m in Sources */ = {isa = PBXBuildFile; fileRef = 8C879D0625B0D74800BBD953 /* ETLoginViewController.m */; };
		8CA6196825AE137A001F3547 /* ETExpenseOverviewDataSource.m in Sources */ = {isa = PBXBuildFile; fileRef = 8CA6196725AE137A001F3547 /* ETExpenseOverviewDataSource.m */; };
		8CAC311925B246320071AF9B /* ETServerProvider.m in Sources */ = {isa = PBXBuildFile; fileRef = 8CAC311825B246320071AF9B /* ETServerProvider.m */; };
		8CC0BAC725AF3CE00064EBEC /* UITableViewCell+cellIdentifier.m in Sources */ = {isa = PBXBuildFile; fileRef = 8CC0BAC625AF3CE00064EBEC /* UITableViewCell+cellIdentifier.m */; };
		8CC0BAD025AF3F130064EBEC /* ETExpenseItemTableViewCell.m in Sources */ = {isa = PBXBuildFile; fileRef = 8CC0BACF25AF3F130064EBEC /* ETExpenseItemTableViewCell.m */; };
		8CC0BAD625AF52800064EBEC /* ETAddExpenseTableViewController.m in Sources */ = {isa = PBXBuildFile; fileRef = 8CC0BAD525AF52800064EBEC /* ETAddExpenseTableViewController.m */; };
		8CC0BAE025AFA8D90064EBEC /* UIViewController+initiateUsingStoryboard.m in Sources */ = {isa = PBXBuildFile; fileRef = 8CC0BADF25AFA8D90064EBEC /* UIViewController+initiateUsingStoryboard.m */; };
		8CD6DBB025ABE886005DE50B /* AppDelegate.m in Sources */ = {isa = PBXBuildFile; fileRef = 8CD6DBAF25ABE886005DE50B /* AppDelegate.m */; };
		8CD6DBB325ABE886005DE50B /* SceneDelegate.m in Sources */ = {isa = PBXBuildFile; fileRef = 8CD6DBB225ABE886005DE50B /* SceneDelegate.m */; };
		8CD6DBB925ABE886005DE50B /* Main.storyboard in Resources */ = {isa = PBXBuildFile; fileRef = 8CD6DBB725ABE886005DE50B /* Main.storyboard */; };
		8CD6DBBB25ABE887005DE50B /* Assets.xcassets in Resources */ = {isa = PBXBuildFile; fileRef = 8CD6DBBA25ABE887005DE50B /* Assets.xcassets */; };
		8CD6DBBE25ABE887005DE50B /* LaunchScreen.storyboard in Resources */ = {isa = PBXBuildFile; fileRef = 8CD6DBBC25ABE887005DE50B /* LaunchScreen.storyboard */; };
		8CD6DBC125ABE887005DE50B /* main.m in Sources */ = {isa = PBXBuildFile; fileRef = 8CD6DBC025ABE887005DE50B /* main.m */; };
		8CD6DBCB25ABE888005DE50B /* Expense_TrackerTests.m in Sources */ = {isa = PBXBuildFile; fileRef = 8CD6DBCA25ABE888005DE50B /* Expense_TrackerTests.m */; };
		8CD6DBFC25ABEF39005DE50B /* ETExpenseOverviewTableViewController.m in Sources */ = {isa = PBXBuildFile; fileRef = 8CD6DBFB25ABEF39005DE50B /* ETExpenseOverviewTableViewController.m */; };
		8CD6DC0A25ABF88B005DE50B /* ETExpenseItem.m in Sources */ = {isa = PBXBuildFile; fileRef = 8CD6DC0925ABF88B005DE50B /* ETExpenseItem.m */; };
		8CD6DC1025AC0072005DE50B /* ETExpenseItemTests.m in Sources */ = {isa = PBXBuildFile; fileRef = 8CD6DC0F25AC0072005DE50B /* ETExpenseItemTests.m */; };
/* End PBXBuildFile section */

/* Begin PBXContainerItemProxy section */
		8CD6DBC725ABE887005DE50B /* PBXContainerItemProxy */ = {
			isa = PBXContainerItemProxy;
			containerPortal = 8CD6DBA325ABE886005DE50B /* Project object */;
			proxyType = 1;
			remoteGlobalIDString = 8CD6DBAA25ABE886005DE50B;
			remoteInfo = "Expense Tracker";
		};
/* End PBXContainerItemProxy section */

/* Begin PBXFileReference section */
		7819C05C25AE6A3400D4569A /* NSFileManager+documentsDirectoryForCurrentUser.h */ = {isa = PBXFileReference; lastKnownFileType = sourcecode.c.h; path = "NSFileManager+documentsDirectoryForCurrentUser.h"; sourceTree = "<group>"; };
		7819C06125AE6BA900D4569A /* NSFileManager+documentsDirectoryForCurrentUser.m */ = {isa = PBXFileReference; lastKnownFileType = sourcecode.c.objc; path = "NSFileManager+documentsDirectoryForCurrentUser.m"; sourceTree = "<group>"; };
		7819C06525AE94CA00D4569A /* ETExpenseItemManager.h */ = {isa = PBXFileReference; lastKnownFileType = sourcecode.c.h; path = ETExpenseItemManager.h; sourceTree = "<group>"; };
		7819C06625AE94CA00D4569A /* ETExpenseItemManager.m */ = {isa = PBXFileReference; lastKnownFileType = sourcecode.c.objc; path = ETExpenseItemManager.m; sourceTree = "<group>"; };
		7819C06A25AEA26900D4569A /* ETExpenseOverviewKVOManager.h */ = {isa = PBXFileReference; lastKnownFileType = sourcecode.c.h; path = ETExpenseOverviewKVOManager.h; sourceTree = "<group>"; };
		7819C06B25AEA26900D4569A /* ETExpenseOverviewKVOManager.m */ = {isa = PBXFileReference; lastKnownFileType = sourcecode.c.objc; path = ETExpenseOverviewKVOManager.m; sourceTree = "<group>"; };
		8C375D7125AD3CED00EFB202 /* ETMockServerAPI.h */ = {isa = PBXFileReference; lastKnownFileType = sourcecode.c.h; path = ETMockServerAPI.h; sourceTree = "<group>"; };
		8C375D7225AD3CED00EFB202 /* ETMockServerAPI.m */ = {isa = PBXFileReference; lastKnownFileType = sourcecode.c.objc; path = ETMockServerAPI.m; sourceTree = "<group>"; };
		8C375D7D25AD47F900EFB202 /* mock-expenses.json */ = {isa = PBXFileReference; fileEncoding = 4; lastKnownFileType = text.json; path = "mock-expenses.json"; sourceTree = "<group>"; };
		8C879CF725B0D51900BBD953 /* Expense Tracker.entitlements */ = {isa = PBXFileReference; lastKnownFileType = text.plist.entitlements; path = "Expense Tracker.entitlements"; sourceTree = "<group>"; };
		8C879D0525B0D74800BBD953 /* ETLoginViewController.h */ = {isa = PBXFileReference; lastKnownFileType = sourcecode.c.h; path = ETLoginViewController.h; sourceTree = "<group>"; };
		8C879D0625B0D74800BBD953 /* ETLoginViewController.m */ = {isa = PBXFileReference; lastKnownFileType = sourcecode.c.objc; path = ETLoginViewController.m; sourceTree = "<group>"; };
		8CA6196625AE137A001F3547 /* ETExpenseOverviewDataSource.h */ = {isa = PBXFileReference; lastKnownFileType = sourcecode.c.h; path = ETExpenseOverviewDataSource.h; sourceTree = "<group>"; };
		8CA6196725AE137A001F3547 /* ETExpenseOverviewDataSource.m */ = {isa = PBXFileReference; lastKnownFileType = sourcecode.c.objc; path = ETExpenseOverviewDataSource.m; sourceTree = "<group>"; };
		8CAC311725B246320071AF9B /* ETServerProvider.h */ = {isa = PBXFileReference; lastKnownFileType = sourcecode.c.h; path = ETServerProvider.h; sourceTree = "<group>"; };
		8CAC311825B246320071AF9B /* ETServerProvider.m */ = {isa = PBXFileReference; lastKnownFileType = sourcecode.c.objc; path = ETServerProvider.m; sourceTree = "<group>"; };
		8CC0BAC525AF3CE00064EBEC /* UITableViewCell+cellIdentifier.h */ = {isa = PBXFileReference; lastKnownFileType = sourcecode.c.h; path = "UITableViewCell+cellIdentifier.h"; sourceTree = "<group>"; };
		8CC0BAC625AF3CE00064EBEC /* UITableViewCell+cellIdentifier.m */ = {isa = PBXFileReference; lastKnownFileType = sourcecode.c.objc; path = "UITableViewCell+cellIdentifier.m"; sourceTree = "<group>"; };
		8CC0BACE25AF3F130064EBEC /* ETExpenseItemTableViewCell.h */ = {isa = PBXFileReference; lastKnownFileType = sourcecode.c.h; path = ETExpenseItemTableViewCell.h; sourceTree = "<group>"; };
		8CC0BACF25AF3F130064EBEC /* ETExpenseItemTableViewCell.m */ = {isa = PBXFileReference; lastKnownFileType = sourcecode.c.objc; path = ETExpenseItemTableViewCell.m; sourceTree = "<group>"; };
		8CC0BAD425AF52800064EBEC /* ETAddExpenseTableViewController.h */ = {isa = PBXFileReference; lastKnownFileType = sourcecode.c.h; path = ETAddExpenseTableViewController.h; sourceTree = "<group>"; };
		8CC0BAD525AF52800064EBEC /* ETAddExpenseTableViewController.m */ = {isa = PBXFileReference; lastKnownFileType = sourcecode.c.objc; path = ETAddExpenseTableViewController.m; sourceTree = "<group>"; };
		8CC0BADE25AFA8D90064EBEC /* UIViewController+initiateUsingStoryboard.h */ = {isa = PBXFileReference; lastKnownFileType = sourcecode.c.h; path = "UIViewController+initiateUsingStoryboard.h"; sourceTree = "<group>"; };
		8CC0BADF25AFA8D90064EBEC /* UIViewController+initiateUsingStoryboard.m */ = {isa = PBXFileReference; lastKnownFileType = sourcecode.c.objc; path = "UIViewController+initiateUsingStoryboard.m"; sourceTree = "<group>"; };
		8CD6DBAB25ABE886005DE50B /* Expense Tracker.app */ = {isa = PBXFileReference; explicitFileType = wrapper.application; includeInIndex = 0; path = "Expense Tracker.app"; sourceTree = BUILT_PRODUCTS_DIR; };
		8CD6DBAE25ABE886005DE50B /* AppDelegate.h */ = {isa = PBXFileReference; lastKnownFileType = sourcecode.c.h; path = AppDelegate.h; sourceTree = "<group>"; };
		8CD6DBAF25ABE886005DE50B /* AppDelegate.m */ = {isa = PBXFileReference; lastKnownFileType = sourcecode.c.objc; path = AppDelegate.m; sourceTree = "<group>"; };
		8CD6DBB125ABE886005DE50B /* SceneDelegate.h */ = {isa = PBXFileReference; lastKnownFileType = sourcecode.c.h; path = SceneDelegate.h; sourceTree = "<group>"; };
		8CD6DBB225ABE886005DE50B /* SceneDelegate.m */ = {isa = PBXFileReference; lastKnownFileType = sourcecode.c.objc; path = SceneDelegate.m; sourceTree = "<group>"; };
		8CD6DBB825ABE886005DE50B /* Base */ = {isa = PBXFileReference; lastKnownFileType = file.storyboard; name = Base; path = Base.lproj/Main.storyboard; sourceTree = "<group>"; };
		8CD6DBBA25ABE887005DE50B /* Assets.xcassets */ = {isa = PBXFileReference; lastKnownFileType = folder.assetcatalog; path = Assets.xcassets; sourceTree = "<group>"; };
		8CD6DBBD25ABE887005DE50B /* Base */ = {isa = PBXFileReference; lastKnownFileType = file.storyboard; name = Base; path = Base.lproj/LaunchScreen.storyboard; sourceTree = "<group>"; };
		8CD6DBBF25ABE887005DE50B /* Info.plist */ = {isa = PBXFileReference; lastKnownFileType = text.plist.xml; path = Info.plist; sourceTree = "<group>"; };
		8CD6DBC025ABE887005DE50B /* main.m */ = {isa = PBXFileReference; lastKnownFileType = sourcecode.c.objc; path = main.m; sourceTree = "<group>"; };
		8CD6DBC625ABE887005DE50B /* Expense TrackerTests.xctest */ = {isa = PBXFileReference; explicitFileType = wrapper.cfbundle; includeInIndex = 0; path = "Expense TrackerTests.xctest"; sourceTree = BUILT_PRODUCTS_DIR; };
		8CD6DBCA25ABE888005DE50B /* Expense_TrackerTests.m */ = {isa = PBXFileReference; lastKnownFileType = sourcecode.c.objc; path = Expense_TrackerTests.m; sourceTree = "<group>"; };
		8CD6DBCC25ABE888005DE50B /* Info.plist */ = {isa = PBXFileReference; lastKnownFileType = text.plist.xml; path = Info.plist; sourceTree = "<group>"; };
		8CD6DBFA25ABEF39005DE50B /* ETExpenseOverviewTableViewController.h */ = {isa = PBXFileReference; lastKnownFileType = sourcecode.c.h; path = ETExpenseOverviewTableViewController.h; sourceTree = "<group>"; };
		8CD6DBFB25ABEF39005DE50B /* ETExpenseOverviewTableViewController.m */ = {isa = PBXFileReference; lastKnownFileType = sourcecode.c.objc; path = ETExpenseOverviewTableViewController.m; sourceTree = "<group>"; };
		8CD6DC0425ABF620005DE50B /* ETServerAPI.h */ = {isa = PBXFileReference; lastKnownFileType = sourcecode.c.h; path = ETServerAPI.h; sourceTree = "<group>"; };
		8CD6DC0825ABF88B005DE50B /* ETExpenseItem.h */ = {isa = PBXFileReference; lastKnownFileType = sourcecode.c.h; path = ETExpenseItem.h; sourceTree = "<group>"; };
		8CD6DC0925ABF88B005DE50B /* ETExpenseItem.m */ = {isa = PBXFileReference; lastKnownFileType = sourcecode.c.objc; path = ETExpenseItem.m; sourceTree = "<group>"; };
		8CD6DC0F25AC0072005DE50B /* ETExpenseItemTests.m */ = {isa = PBXFileReference; lastKnownFileType = sourcecode.c.objc; path = ETExpenseItemTests.m; sourceTree = "<group>"; };
/* End PBXFileReference section */

/* Begin PBXFrameworksBuildPhase section */
		8CD6DBA825ABE886005DE50B /* Frameworks */ = {
			isa = PBXFrameworksBuildPhase;
			buildActionMask = 2147483647;
			files = (
			);
			runOnlyForDeploymentPostprocessing = 0;
		};
		8CD6DBC325ABE887005DE50B /* Frameworks */ = {
			isa = PBXFrameworksBuildPhase;
			buildActionMask = 2147483647;
			files = (
			);
			runOnlyForDeploymentPostprocessing = 0;
		};
/* End PBXFrameworksBuildPhase section */

/* Begin PBXGroup section */
		7819C05B25AE6A0500D4569A /* Extensions */ = {
			isa = PBXGroup;
			children = (
				7819C05C25AE6A3400D4569A /* NSFileManager+documentsDirectoryForCurrentUser.h */,
				7819C06125AE6BA900D4569A /* NSFileManager+documentsDirectoryForCurrentUser.m */,
				8CC0BAC525AF3CE00064EBEC /* UITableViewCell+cellIdentifier.h */,
				8CC0BAC625AF3CE00064EBEC /* UITableViewCell+cellIdentifier.m */,
				8CC0BADE25AFA8D90064EBEC /* UIViewController+initiateUsingStoryboard.h */,
				8CC0BADF25AFA8D90064EBEC /* UIViewController+initiateUsingStoryboard.m */,
			);
			path = Extensions;
			sourceTree = "<group>";
		};
		8C375D7825AD479200EFB202 /* Mock Data */ = {
			isa = PBXGroup;
			children = (
				8C375D7D25AD47F900EFB202 /* mock-expenses.json */,
			);
			path = "Mock Data";
			sourceTree = "<group>";
		};
		8C879CFA25B0D6B800BBD953 /* Authorization */ = {
			isa = PBXGroup;
			children = (
				8C879D0525B0D74800BBD953 /* ETLoginViewController.h */,
				8C879D0625B0D74800BBD953 /* ETLoginViewController.m */,
			);
			path = Authorization;
			sourceTree = "<group>";
		};
		8CA6196525AE12D1001F3547 /* Expense Overview */ = {
			isa = PBXGroup;
			children = (
				8CD6DBFA25ABEF39005DE50B /* ETExpenseOverviewTableViewController.h */,
				8CD6DBFB25ABEF39005DE50B /* ETExpenseOverviewTableViewController.m */,
				8CA6196625AE137A001F3547 /* ETExpenseOverviewDataSource.h */,
				8CA6196725AE137A001F3547 /* ETExpenseOverviewDataSource.m */,
				7819C06A25AEA26900D4569A /* ETExpenseOverviewKVOManager.h */,
				7819C06B25AEA26900D4569A /* ETExpenseOverviewKVOManager.m */,
				8CC0BACE25AF3F130064EBEC /* ETExpenseItemTableViewCell.h */,
				8CC0BACF25AF3F130064EBEC /* ETExpenseItemTableViewCell.m */,
			);
			path = "Expense Overview";
			sourceTree = "<group>";
		};
		8CC0BAD325AF52600064EBEC /* Add Expense */ = {
			isa = PBXGroup;
			children = (
				8CC0BAD425AF52800064EBEC /* ETAddExpenseTableViewController.h */,
				8CC0BAD525AF52800064EBEC /* ETAddExpenseTableViewController.m */,
			);
			path = "Add Expense";
			sourceTree = "<group>";
		};
		8CC0BADB25AF9CC70064EBEC /* Expense Item */ = {
			isa = PBXGroup;
			children = (
				8CD6DC0825ABF88B005DE50B /* ETExpenseItem.h */,
				8CD6DC0925ABF88B005DE50B /* ETExpenseItem.m */,
				7819C06525AE94CA00D4569A /* ETExpenseItemManager.h */,
				7819C06625AE94CA00D4569A /* ETExpenseItemManager.m */,
			);
			path = "Expense Item";
			sourceTree = "<group>";
		};
		8CD6DBA225ABE886005DE50B = {
			isa = PBXGroup;
			children = (
				8CD6DBAD25ABE886005DE50B /* Expense Tracker */,
				8CD6DBC925ABE888005DE50B /* Expense TrackerTests */,
				8CD6DBAC25ABE886005DE50B /* Products */,
			);
			sourceTree = "<group>";
		};
		8CD6DBAC25ABE886005DE50B /* Products */ = {
			isa = PBXGroup;
			children = (
				8CD6DBAB25ABE886005DE50B /* Expense Tracker.app */,
				8CD6DBC625ABE887005DE50B /* Expense TrackerTests.xctest */,
			);
			name = Products;
			sourceTree = "<group>";
		};
		8CD6DBAD25ABE886005DE50B /* Expense Tracker */ = {
			isa = PBXGroup;
			children = (
				8C879CFA25B0D6B800BBD953 /* Authorization */,
				8CC0BADB25AF9CC70064EBEC /* Expense Item */,
				8CC0BAD325AF52600064EBEC /* Add Expense */,
				8CA6196525AE12D1001F3547 /* Expense Overview */,
				8CD6DC0325ABF5FD005DE50B /* Server API */,
				8CD6DBB725ABE886005DE50B /* Main.storyboard */,
				7819C05B25AE6A0500D4569A /* Extensions */,
				8CD6DBE925ABEB24005DE50B /* Application Lifecycle */,
				8CD6DBED25ABEBCA005DE50B /* Supporting Files */,
			);
			path = "Expense Tracker";
			sourceTree = "<group>";
		};
		8CD6DBC925ABE888005DE50B /* Expense TrackerTests */ = {
			isa = PBXGroup;
			children = (
				8CD6DC0E25AC0042005DE50B /* Server API Tests */,
				8CD6DBCA25ABE888005DE50B /* Expense_TrackerTests.m */,
				8CD6DBCC25ABE888005DE50B /* Info.plist */,
			);
			path = "Expense TrackerTests";
			sourceTree = "<group>";
		};
		8CD6DBE925ABEB24005DE50B /* Application Lifecycle */ = {
			isa = PBXGroup;
			children = (
				8CD6DBB125ABE886005DE50B /* SceneDelegate.h */,
				8CD6DBB225ABE886005DE50B /* SceneDelegate.m */,
				8CD6DBAE25ABE886005DE50B /* AppDelegate.h */,
				8CD6DBAF25ABE886005DE50B /* AppDelegate.m */,
				8CD6DBC025ABE887005DE50B /* main.m */,
			);
			path = "Application Lifecycle";
			sourceTree = "<group>";
		};
		8CD6DBED25ABEBCA005DE50B /* Supporting Files */ = {
			isa = PBXGroup;
			children = (
				8C375D7825AD479200EFB202 /* Mock Data */,
				8CD6DBBA25ABE887005DE50B /* Assets.xcassets */,
				8CD6DBBC25ABE887005DE50B /* LaunchScreen.storyboard */,
				8CD6DBBF25ABE887005DE50B /* Info.plist */,
				8C879CF725B0D51900BBD953 /* Expense Tracker.entitlements */,
			);
			path = "Supporting Files";
			sourceTree = "<group>";
		};
		8CD6DC0325ABF5FD005DE50B /* Server API */ = {
			isa = PBXGroup;
			children = (
				8CD6DC0425ABF620005DE50B /* ETServerAPI.h */,
				8C375D7125AD3CED00EFB202 /* ETMockServerAPI.h */,
				8C375D7225AD3CED00EFB202 /* ETMockServerAPI.m */,
				8CAC311725B246320071AF9B /* ETServerProvider.h */,
				8CAC311825B246320071AF9B /* ETServerProvider.m */,
			);
			path = "Server API";
			sourceTree = "<group>";
		};
		8CD6DC0E25AC0042005DE50B /* Server API Tests */ = {
			isa = PBXGroup;
			children = (
				8CD6DC0F25AC0072005DE50B /* ETExpenseItemTests.m */,
			);
			path = "Server API Tests";
			sourceTree = "<group>";
		};
/* End PBXGroup section */

/* Begin PBXNativeTarget section */
		8CD6DBAA25ABE886005DE50B /* Expense Tracker */ = {
			isa = PBXNativeTarget;
			buildConfigurationList = 8CD6DBDA25ABE888005DE50B /* Build configuration list for PBXNativeTarget "Expense Tracker" */;
			buildPhases = (
				8CD6DBA725ABE886005DE50B /* Sources */,
				8CD6DBA825ABE886005DE50B /* Frameworks */,
				8CD6DBA925ABE886005DE50B /* Resources */,
			);
			buildRules = (
			);
			dependencies = (
			);
			name = "Expense Tracker";
			productName = "Expense Tracker";
			productReference = 8CD6DBAB25ABE886005DE50B /* Expense Tracker.app */;
			productType = "com.apple.product-type.application";
		};
		8CD6DBC525ABE887005DE50B /* Expense TrackerTests */ = {
			isa = PBXNativeTarget;
			buildConfigurationList = 8CD6DBDD25ABE888005DE50B /* Build configuration list for PBXNativeTarget "Expense TrackerTests" */;
			buildPhases = (
				8CD6DBC225ABE887005DE50B /* Sources */,
				8CD6DBC325ABE887005DE50B /* Frameworks */,
				8CD6DBC425ABE887005DE50B /* Resources */,
			);
			buildRules = (
			);
			dependencies = (
				8CD6DBC825ABE887005DE50B /* PBXTargetDependency */,
			);
			name = "Expense TrackerTests";
			productName = "Expense TrackerTests";
			productReference = 8CD6DBC625ABE887005DE50B /* Expense TrackerTests.xctest */;
			productType = "com.apple.product-type.bundle.unit-test";
		};
/* End PBXNativeTarget section */

/* Begin PBXProject section */
		8CD6DBA325ABE886005DE50B /* Project object */ = {
			isa = PBXProject;
			attributes = {
				CLASSPREFIX = ET;
				LastUpgradeCheck = 1230;
				TargetAttributes = {
					8CD6DBAA25ABE886005DE50B = {
						CreatedOnToolsVersion = 12.3;
					};
					8CD6DBC525ABE887005DE50B = {
						CreatedOnToolsVersion = 12.3;
						TestTargetID = 8CD6DBAA25ABE886005DE50B;
					};
				};
			};
			buildConfigurationList = 8CD6DBA625ABE886005DE50B /* Build configuration list for PBXProject "Expense Tracker" */;
			compatibilityVersion = "Xcode 9.3";
			developmentRegion = en;
			hasScannedForEncodings = 0;
			knownRegions = (
				en,
				Base,
			);
			mainGroup = 8CD6DBA225ABE886005DE50B;
			productRefGroup = 8CD6DBAC25ABE886005DE50B /* Products */;
			projectDirPath = "";
			projectRoot = "";
			targets = (
				8CD6DBAA25ABE886005DE50B /* Expense Tracker */,
				8CD6DBC525ABE887005DE50B /* Expense TrackerTests */,
			);
		};
/* End PBXProject section */

/* Begin PBXResourcesBuildPhase section */
		8CD6DBA925ABE886005DE50B /* Resources */ = {
			isa = PBXResourcesBuildPhase;
			buildActionMask = 2147483647;
			files = (
				8C375D7E25AD47F900EFB202 /* mock-expenses.json in Resources */,
				8CD6DBBE25ABE887005DE50B /* LaunchScreen.storyboard in Resources */,
				8CD6DBBB25ABE887005DE50B /* Assets.xcassets in Resources */,
				8CD6DBB925ABE886005DE50B /* Main.storyboard in Resources */,
			);
			runOnlyForDeploymentPostprocessing = 0;
		};
		8CD6DBC425ABE887005DE50B /* Resources */ = {
			isa = PBXResourcesBuildPhase;
			buildActionMask = 2147483647;
			files = (
			);
			runOnlyForDeploymentPostprocessing = 0;
		};
/* End PBXResourcesBuildPhase section */

/* Begin PBXSourcesBuildPhase section */
		8CD6DBA725ABE886005DE50B /* Sources */ = {
			isa = PBXSourcesBuildPhase;
			buildActionMask = 2147483647;
			files = (
				8CD6DBB025ABE886005DE50B /* AppDelegate.m in Sources */,
				8CC0BAE025AFA8D90064EBEC /* UIViewController+initiateUsingStoryboard.m in Sources */,
				8CC0BAC725AF3CE00064EBEC /* UITableViewCell+cellIdentifier.m in Sources */,
				8CC0BAD625AF52800064EBEC /* ETAddExpenseTableViewController.m in Sources */,
				8C879D0725B0D74800BBD953 /* ETLoginViewController.m in Sources */,
				8CC0BAD025AF3F130064EBEC /* ETExpenseItemTableViewCell.m in Sources */,
				8CD6DBFC25ABEF39005DE50B /* ETExpenseOverviewTableViewController.m in Sources */,
				7819C06225AE6BA900D4569A /* NSFileManager+documentsDirectoryForCurrentUser.m in Sources */,
				8CAC311925B246320071AF9B /* ETServerProvider.m in Sources */,
				8CA6196825AE137A001F3547 /* ETExpenseOverviewDataSource.m in Sources */,
				8C375D7325AD3CED00EFB202 /* ETMockServerAPI.m in Sources */,
				8CD6DBC125ABE887005DE50B /* main.m in Sources */,
				8CD6DBB325ABE886005DE50B /* SceneDelegate.m in Sources */,
				8CD6DC0A25ABF88B005DE50B /* ETExpenseItem.m in Sources */,
				7819C06725AE94CA00D4569A /* ETExpenseItemManager.m in Sources */,
				7819C06C25AEA26900D4569A /* ETExpenseOverviewKVOManager.m in Sources */,
			);
			runOnlyForDeploymentPostprocessing = 0;
		};
		8CD6DBC225ABE887005DE50B /* Sources */ = {
			isa = PBXSourcesBuildPhase;
			buildActionMask = 2147483647;
			files = (
				8CD6DC1025AC0072005DE50B /* ETExpenseItemTests.m in Sources */,
				8CD6DBCB25ABE888005DE50B /* Expense_TrackerTests.m in Sources */,
			);
			runOnlyForDeploymentPostprocessing = 0;
		};
/* End PBXSourcesBuildPhase section */

/* Begin PBXTargetDependency section */
		8CD6DBC825ABE887005DE50B /* PBXTargetDependency */ = {
			isa = PBXTargetDependency;
			target = 8CD6DBAA25ABE886005DE50B /* Expense Tracker */;
			targetProxy = 8CD6DBC725ABE887005DE50B /* PBXContainerItemProxy */;
		};
/* End PBXTargetDependency section */

/* Begin PBXVariantGroup section */
		8CD6DBB725ABE886005DE50B /* Main.storyboard */ = {
			isa = PBXVariantGroup;
			children = (
				8CD6DBB825ABE886005DE50B /* Base */,
			);
			name = Main.storyboard;
			sourceTree = "<group>";
		};
		8CD6DBBC25ABE887005DE50B /* LaunchScreen.storyboard */ = {
			isa = PBXVariantGroup;
			children = (
				8CD6DBBD25ABE887005DE50B /* Base */,
			);
			name = LaunchScreen.storyboard;
			sourceTree = "<group>";
		};
/* End PBXVariantGroup section */

/* Begin XCBuildConfiguration section */
		8CD6DBD825ABE888005DE50B /* Debug */ = {
			isa = XCBuildConfiguration;
			buildSettings = {
				ALWAYS_SEARCH_USER_PATHS = NO;
				CLANG_ANALYZER_NONNULL = YES;
				CLANG_ANALYZER_NUMBER_OBJECT_CONVERSION = YES_AGGRESSIVE;
				CLANG_CXX_LANGUAGE_STANDARD = "gnu++14";
				CLANG_CXX_LIBRARY = "libc++";
				CLANG_ENABLE_MODULES = YES;
				CLANG_ENABLE_OBJC_ARC = YES;
				CLANG_ENABLE_OBJC_WEAK = YES;
				CLANG_WARN_BLOCK_CAPTURE_AUTORELEASING = YES;
				CLANG_WARN_BOOL_CONVERSION = YES;
				CLANG_WARN_COMMA = YES;
				CLANG_WARN_CONSTANT_CONVERSION = YES;
				CLANG_WARN_DEPRECATED_OBJC_IMPLEMENTATIONS = YES;
				CLANG_WARN_DIRECT_OBJC_ISA_USAGE = YES_ERROR;
				CLANG_WARN_DOCUMENTATION_COMMENTS = YES;
				CLANG_WARN_EMPTY_BODY = YES;
				CLANG_WARN_ENUM_CONVERSION = YES;
				CLANG_WARN_INFINITE_RECURSION = YES;
				CLANG_WARN_INT_CONVERSION = YES;
				CLANG_WARN_NON_LITERAL_NULL_CONVERSION = YES;
				CLANG_WARN_OBJC_IMPLICIT_RETAIN_SELF = YES;
				CLANG_WARN_OBJC_LITERAL_CONVERSION = YES;
				CLANG_WARN_OBJC_ROOT_CLASS = YES_ERROR;
				CLANG_WARN_QUOTED_INCLUDE_IN_FRAMEWORK_HEADER = YES;
				CLANG_WARN_RANGE_LOOP_ANALYSIS = YES;
				CLANG_WARN_STRICT_PROTOTYPES = YES;
				CLANG_WARN_SUSPICIOUS_MOVE = YES;
				CLANG_WARN_UNGUARDED_AVAILABILITY = YES_AGGRESSIVE;
				CLANG_WARN_UNREACHABLE_CODE = YES;
				CLANG_WARN__DUPLICATE_METHOD_MATCH = YES;
				COPY_PHASE_STRIP = NO;
				DEBUG_INFORMATION_FORMAT = dwarf;
				ENABLE_STRICT_OBJC_MSGSEND = YES;
				ENABLE_TESTABILITY = YES;
				GCC_C_LANGUAGE_STANDARD = gnu11;
				GCC_DYNAMIC_NO_PIC = NO;
				GCC_NO_COMMON_BLOCKS = YES;
				GCC_OPTIMIZATION_LEVEL = 0;
				GCC_PREPROCESSOR_DEFINITIONS = (
					"DEBUG=1",
					"$(inherited)",
				);
				GCC_WARN_64_TO_32_BIT_CONVERSION = YES;
				GCC_WARN_ABOUT_RETURN_TYPE = YES_ERROR;
				GCC_WARN_UNDECLARED_SELECTOR = YES;
				GCC_WARN_UNINITIALIZED_AUTOS = YES_AGGRESSIVE;
				GCC_WARN_UNUSED_FUNCTION = YES;
				GCC_WARN_UNUSED_VARIABLE = YES;
				IPHONEOS_DEPLOYMENT_TARGET = 14.3;
				MTL_ENABLE_DEBUG_INFO = INCLUDE_SOURCE;
				MTL_FAST_MATH = YES;
				ONLY_ACTIVE_ARCH = YES;
				SDKROOT = iphoneos;
			};
			name = Debug;
		};
		8CD6DBD925ABE888005DE50B /* Release */ = {
			isa = XCBuildConfiguration;
			buildSettings = {
				ALWAYS_SEARCH_USER_PATHS = NO;
				CLANG_ANALYZER_NONNULL = YES;
				CLANG_ANALYZER_NUMBER_OBJECT_CONVERSION = YES_AGGRESSIVE;
				CLANG_CXX_LANGUAGE_STANDARD = "gnu++14";
				CLANG_CXX_LIBRARY = "libc++";
				CLANG_ENABLE_MODULES = YES;
				CLANG_ENABLE_OBJC_ARC = YES;
				CLANG_ENABLE_OBJC_WEAK = YES;
				CLANG_WARN_BLOCK_CAPTURE_AUTORELEASING = YES;
				CLANG_WARN_BOOL_CONVERSION = YES;
				CLANG_WARN_COMMA = YES;
				CLANG_WARN_CONSTANT_CONVERSION = YES;
				CLANG_WARN_DEPRECATED_OBJC_IMPLEMENTATIONS = YES;
				CLANG_WARN_DIRECT_OBJC_ISA_USAGE = YES_ERROR;
				CLANG_WARN_DOCUMENTATION_COMMENTS = YES;
				CLANG_WARN_EMPTY_BODY = YES;
				CLANG_WARN_ENUM_CONVERSION = YES;
				CLANG_WARN_INFINITE_RECURSION = YES;
				CLANG_WARN_INT_CONVERSION = YES;
				CLANG_WARN_NON_LITERAL_NULL_CONVERSION = YES;
				CLANG_WARN_OBJC_IMPLICIT_RETAIN_SELF = YES;
				CLANG_WARN_OBJC_LITERAL_CONVERSION = YES;
				CLANG_WARN_OBJC_ROOT_CLASS = YES_ERROR;
				CLANG_WARN_QUOTED_INCLUDE_IN_FRAMEWORK_HEADER = YES;
				CLANG_WARN_RANGE_LOOP_ANALYSIS = YES;
				CLANG_WARN_STRICT_PROTOTYPES = YES;
				CLANG_WARN_SUSPICIOUS_MOVE = YES;
				CLANG_WARN_UNGUARDED_AVAILABILITY = YES_AGGRESSIVE;
				CLANG_WARN_UNREACHABLE_CODE = YES;
				CLANG_WARN__DUPLICATE_METHOD_MATCH = YES;
				COPY_PHASE_STRIP = NO;
				DEBUG_INFORMATION_FORMAT = "dwarf-with-dsym";
				ENABLE_NS_ASSERTIONS = NO;
				ENABLE_STRICT_OBJC_MSGSEND = YES;
				GCC_C_LANGUAGE_STANDARD = gnu11;
				GCC_NO_COMMON_BLOCKS = YES;
				GCC_WARN_64_TO_32_BIT_CONVERSION = YES;
				GCC_WARN_ABOUT_RETURN_TYPE = YES_ERROR;
				GCC_WARN_UNDECLARED_SELECTOR = YES;
				GCC_WARN_UNINITIALIZED_AUTOS = YES_AGGRESSIVE;
				GCC_WARN_UNUSED_FUNCTION = YES;
				GCC_WARN_UNUSED_VARIABLE = YES;
				IPHONEOS_DEPLOYMENT_TARGET = 14.3;
				MTL_ENABLE_DEBUG_INFO = NO;
				MTL_FAST_MATH = YES;
				SDKROOT = iphoneos;
				VALIDATE_PRODUCT = YES;
			};
			name = Release;
		};
		8CD6DBDB25ABE888005DE50B /* Debug */ = {
			isa = XCBuildConfiguration;
			buildSettings = {
				ASSETCATALOG_COMPILER_APPICON_NAME = AppIcon;
				ASSETCATALOG_COMPILER_GLOBAL_ACCENT_COLOR_NAME = AccentColor;
				CLANG_STATIC_ANALYZER_MODE = deep;
				CODE_SIGN_ENTITLEMENTS = "Expense Tracker/Supporting Files/Expense Tracker.entitlements";
				CODE_SIGN_IDENTITY = "Apple Development";
				CODE_SIGN_STYLE = Automatic;
				DEVELOPMENT_TEAM = MN9J6C3HRT;
				INFOPLIST_FILE = "Expense Tracker/Supporting Files/Info.plist";
				IPHONEOS_DEPLOYMENT_TARGET = 13.0;
				LD_RUNPATH_SEARCH_PATHS = (
					"$(inherited)",
					"@executable_path/Frameworks",
				);
				PRODUCT_BUNDLE_IDENTIFIER = "ski.maliszew.Expense-Tracker";
				PRODUCT_NAME = "$(TARGET_NAME)";
				PROVISIONING_PROFILE_SPECIFIER = "";
				RUN_CLANG_STATIC_ANALYZER = YES;
				TARGETED_DEVICE_FAMILY = "1,2";
			};
			name = Debug;
		};
		8CD6DBDC25ABE888005DE50B /* Release */ = {
			isa = XCBuildConfiguration;
			buildSettings = {
				ASSETCATALOG_COMPILER_APPICON_NAME = AppIcon;
				ASSETCATALOG_COMPILER_GLOBAL_ACCENT_COLOR_NAME = AccentColor;
				CLANG_STATIC_ANALYZER_MODE = deep;
				CODE_SIGN_ENTITLEMENTS = "Expense Tracker/Supporting Files/Expense Tracker.entitlements";
				CODE_SIGN_IDENTITY = "Apple Development";
				CODE_SIGN_STYLE = Automatic;
				DEVELOPMENT_TEAM = MN9J6C3HRT;
				INFOPLIST_FILE = "Expense Tracker/Supporting Files/Info.plist";
				IPHONEOS_DEPLOYMENT_TARGET = 13.0;
				LD_RUNPATH_SEARCH_PATHS = (
					"$(inherited)",
					"@executable_path/Frameworks",
				);
				PRODUCT_BUNDLE_IDENTIFIER = "ski.maliszew.Expense-Tracker";
				PRODUCT_NAME = "$(TARGET_NAME)";
				PROVISIONING_PROFILE_SPECIFIER = "";
				RUN_CLANG_STATIC_ANALYZER = YES;
				TARGETED_DEVICE_FAMILY = "1,2";
			};
			name = Release;
		};
		8CD6DBDE25ABE888005DE50B /* Debug */ = {
			isa = XCBuildConfiguration;
			buildSettings = {
				BUNDLE_LOADER = "$(TEST_HOST)";
				CLANG_STATIC_ANALYZER_MODE = deep;
				CODE_SIGN_STYLE = Automatic;
				DEVELOPMENT_TEAM = MN9J6C3HRT;
				INFOPLIST_FILE = "Expense TrackerTests/Info.plist";
				IPHONEOS_DEPLOYMENT_TARGET = 14.3;
				LD_RUNPATH_SEARCH_PATHS = (
					"$(inherited)",
					"@executable_path/Frameworks",
					"@loader_path/Frameworks",
				);
				PRODUCT_BUNDLE_IDENTIFIER = "ski.maliszew.Expense-TrackerTests";
				PRODUCT_NAME = "$(TARGET_NAME)";
				RUN_CLANG_STATIC_ANALYZER = YES;
				TARGETED_DEVICE_FAMILY = "1,2";
				TEST_HOST = "$(BUILT_PRODUCTS_DIR)/Expense Tracker.app/Expense Tracker";
			};
			name = Debug;
		};
		8CD6DBDF25ABE888005DE50B /* Release */ = {
			isa = XCBuildConfiguration;
			buildSettings = {
				BUNDLE_LOADER = "$(TEST_HOST)";
				CLANG_STATIC_ANALYZER_MODE = deep;
				CODE_SIGN_STYLE = Automatic;
				DEVELOPMENT_TEAM = MN9J6C3HRT;
				INFOPLIST_FILE = "Expense TrackerTests/Info.plist";
				IPHONEOS_DEPLOYMENT_TARGET = 14.3;
				LD_RUNPATH_SEARCH_PATHS = (
					"$(inherited)",
					"@executable_path/Frameworks",
					"@loader_path/Frameworks",
				);
				PRODUCT_BUNDLE_IDENTIFIER = "ski.maliszew.Expense-TrackerTests";
				PRODUCT_NAME = "$(TARGET_NAME)";
				RUN_CLANG_STATIC_ANALYZER = YES;
				TARGETED_DEVICE_FAMILY = "1,2";
				TEST_HOST = "$(BUILT_PRODUCTS_DIR)/Expense Tracker.app/Expense Tracker";
			};
			name = Release;
		};
/* End XCBuildConfiguration section */

/* Begin XCConfigurationList section */
		8CD6DBA625ABE886005DE50B /* Build configuration list for PBXProject "Expense Tracker" */ = {
			isa = XCConfigurationList;
			buildConfigurations = (
				8CD6DBD825ABE888005DE50B /* Debug */,
				8CD6DBD925ABE888005DE50B /* Release */,
			);
			defaultConfigurationIsVisible = 0;
			defaultConfigurationName = Release;
		};
		8CD6DBDA25ABE888005DE50B /* Build configuration list for PBXNativeTarget "Expense Tracker" */ = {
			isa = XCConfigurationList;
			buildConfigurations = (
				8CD6DBDB25ABE888005DE50B /* Debug */,
				8CD6DBDC25ABE888005DE50B /* Release */,
			);
			defaultConfigurationIsVisible = 0;
			defaultConfigurationName = Release;
		};
		8CD6DBDD25ABE888005DE50B /* Build configuration list for PBXNativeTarget "Expense TrackerTests" */ = {
			isa = XCConfigurationList;
			buildConfigurations = (
				8CD6DBDE25ABE888005DE50B /* Debug */,
				8CD6DBDF25ABE888005DE50B /* Release */,
			);
			defaultConfigurationIsVisible = 0;
			defaultConfigurationName = Release;
		};
/* End XCConfigurationList section */
	};
	rootObject = 8CD6DBA325ABE886005DE50B /* Project object */;
}
